# This file was autogenerated by Stack.
# You should not edit this file by hand.
# For more information, please see the documentation at:
#   https://docs.haskellstack.org/en/stable/lock_files

packages:
- completed:
    hackage: pqueue-1.4.1.1@sha256:8e4581063e6d397a78ef53c2811d84efbf7d1498488af2d90c3707eff93c09ff,2214
    pantry-tree:
      size: 848
      sha256: f3e69bfb1094e0a2d5dbf2d8f7c32a9944e820162908de034456b4bfe1dd42a8
  original:
    hackage: pqueue-1.4.1.1
- completed:
    hackage: mtl-2.2.2@sha256:1050fb71acd9f5d67da7d992583f5bd0eb14407b9dc7acc122af1b738b706ca3,2261
    pantry-tree:
      size: 1713
      sha256: b8bdc2259e2f943a7252fb164805666fe108ac959d398e0af27b43ba2ebc241c
  original:
    hackage: mtl-2.2.2
- completed:
    hackage: sort-1.0.0.0@sha256:de275445308122c5b5f457b3a65509a0373295c5831548f012e496caaeb3d369,997
    pantry-tree:
      size: 260
      sha256: b797697c1f1721fbe47bfa9eee854eeade92134fbf9885cf40a2e6ffae6221a4
  original:
    hackage: sort-1.0.0.0
snapshots:
- completed:
    size: 568655
    url: https://raw.githubusercontent.com/commercialhaskell/stackage-snapshots/master/lts/10/5.yaml
    sha256: d5d2a8f55085643b41a30e9191cbbd4f8f707dd63facdddfbce08d811f808444
  original: lts-10.5
